
Microsoft Visual Studio Solution File, Format Version 12.00
# Visual Studio Version 17
VisualStudioVersion = 17.2.32602.215
MinimumVisualStudioVersion = 10.0.40219.1
Project("{FAE04EC0-301F-11D3-BF4B-00C04F79EFBC}") = "Operators_Demo", "Operators_Demo\Operators_Demo.csproj", "{568AE892-F456-44C4-96EF-ABE11BA7126B}"
EndProject
Global
	GlobalSection(SolutionConfigurationPlatforms) = preSolution
		Debug|Any CPU = Debug|Any CPU
		Release|Any CPU = Release|Any CPU
	EndGlobalSection
	GlobalSection(ProjectConfigurationPlatforms) = postSolution
		{568AE892-F456-44C4-96EF-ABE11BA7126B}.Debug|Any CPU.ActiveCfg = Debug|Any CPU
		{568AE892-F456-44C4-96EF-ABE11BA7126B}.Debug|Any CPU.Build.0 = Debug|Any CPU
		{568AE892-F456-44C4-96EF-ABE11BA7126B}.Release|Any CPU.ActiveCfg = Release|Any CPU
		{568AE892-F456-44C4-96EF-ABE11BA7126B}.Release|Any CPU.Build.0 = Release|Any CPU
	EndGlobalSection
	GlobalSection(SolutionProperties) = preSolution
		HideSolutionNode = FALSE
	EndGlobalSection
	GlobalSection(ExtensibilityGlobals) = postSolution
		SolutionGuid = {6532CDD3-1C89-48A5-A71D-232FF0FADF1F}
	EndGlobalSection
EndGlobal
